
Microsoft Visual Studio Solution File, Format Version 12.00
# Visual Studio 15
VisualStudioVersion = 15.0.28010.2046
MinimumVisualStudioVersion = 10.0.40219.1
Project("{8BC9CEB8-8B4A-11D0-8D11-00A0C91BC942}") = "MaxSubArraySum", "MaxSubArraySum\MaxSubArraySum.vcxproj", "{CDE94DB1-B1FA-4626-93AD-9E398D5E18F8}"
EndProject
Global
	GlobalSection(SolutionConfigurationPlatforms) = preSolution
		Debug|x64 = Debug|x64
		Debug|x86 = Debug|x86
		Release|x64 = Release|x64
		Release|x86 = Release|x86
	EndGlobalSection
	GlobalSection(ProjectConfigurationPlatforms) = postSolution
		{CDE94DB1-B1FA-4626-93AD-9E398D5E18F8}.Debug|x64.ActiveCfg = Debug|x64
		{CDE94DB1-B1FA-4626-93AD-9E398D5E18F8}.Debug|x64.Build.0 = Debug|x64
		{CDE94DB1-B1FA-4626-93AD-9E398D5E18F8}.Debug|x86.ActiveCfg = Debug|Win32
		{CDE94DB1-B1FA-4626-93AD-9E398D5E18F8}.Debug|x86.Build.0 = Debug|Win32
		{CDE94DB1-B1FA-4626-93AD-9E398D5E18F8}.Release|x64.ActiveCfg = Release|x64
		{CDE94DB1-B1FA-4626-93AD-9E398D5E18F8}.Release|x64.Build.0 = Release|x64
		{CDE94DB1-B1FA-4626-93AD-9E398D5E18F8}.Release|x86.ActiveCfg = Release|Win32
		{CDE94DB1-B1FA-4626-93AD-9E398D5E18F8}.Release|x86.Build.0 = Release|Win32
	EndGlobalSection
	GlobalSection(SolutionProperties) = preSolution
		HideSolutionNode = FALSE
	EndGlobalSection
	GlobalSection(ExtensibilityGlobals) = postSolution
		SolutionGuid = {941C0BB4-F281-4050-877B-59475EDB61E8}
	EndGlobalSection
EndGlobal
