
Microsoft Visual Studio Solution File, Format Version 12.00
# Visual Studio 15
VisualStudioVersion = 15.0.28010.2046
MinimumVisualStudioVersion = 10.0.40219.1
Project("{8BC9CEB8-8B4A-11D0-8D11-00A0C91BC942}") = "MedianOfTwoSortedArray", "MedianOfTwoSortedArray\MedianOfTwoSortedArray.vcxproj", "{986F9E8A-E01F-462B-8B05-DE03E339A6DA}"
EndProject
Global
	GlobalSection(SolutionConfigurationPlatforms) = preSolution
		Debug|x64 = Debug|x64
		Debug|x86 = Debug|x86
		Release|x64 = Release|x64
		Release|x86 = Release|x86
	EndGlobalSection
	GlobalSection(ProjectConfigurationPlatforms) = postSolution
		{986F9E8A-E01F-462B-8B05-DE03E339A6DA}.Debug|x64.ActiveCfg = Debug|x64
		{986F9E8A-E01F-462B-8B05-DE03E339A6DA}.Debug|x64.Build.0 = Debug|x64
		{986F9E8A-E01F-462B-8B05-DE03E339A6DA}.Debug|x86.ActiveCfg = Debug|Win32
		{986F9E8A-E01F-462B-8B05-DE03E339A6DA}.Debug|x86.Build.0 = Debug|Win32
		{986F9E8A-E01F-462B-8B05-DE03E339A6DA}.Release|x64.ActiveCfg = Release|x64
		{986F9E8A-E01F-462B-8B05-DE03E339A6DA}.Release|x64.Build.0 = Release|x64
		{986F9E8A-E01F-462B-8B05-DE03E339A6DA}.Release|x86.ActiveCfg = Release|Win32
		{986F9E8A-E01F-462B-8B05-DE03E339A6DA}.Release|x86.Build.0 = Release|Win32
	EndGlobalSection
	GlobalSection(SolutionProperties) = preSolution
		HideSolutionNode = FALSE
	EndGlobalSection
	GlobalSection(ExtensibilityGlobals) = postSolution
		SolutionGuid = {5752A1A1-3A08-4A34-A1A8-8FA994D80666}
	EndGlobalSection
EndGlobal
